
Microsoft Visual Studio Solution File, Format Version 12.00
# Visual Studio Version 17
VisualStudioVersion = 17.11.35312.102
MinimumVisualStudioVersion = 10.0.40219.1
Project("{FAE04EC0-301F-11D3-BF4B-00C04F79EFBC}") = "MatchGame", "MatchGame.csproj", "{BBF42C4C-ED00-4B48-9882-5C0BA0670B5A}"
EndProject
Global
	GlobalSection(SolutionConfigurationPlatforms) = preSolution
		Debug|Any CPU = Debug|Any CPU
		Release|Any CPU = Release|Any CPU
	EndGlobalSection
	GlobalSection(ProjectConfigurationPlatforms) = postSolution
		{BBF42C4C-ED00-4B48-9882-5C0BA0670B5A}.Debug|Any CPU.ActiveCfg = Debug|Any CPU
		{BBF42C4C-ED00-4B48-9882-5C0BA0670B5A}.Debug|Any CPU.Build.0 = Debug|Any CPU
		{BBF42C4C-ED00-4B48-9882-5C0BA0670B5A}.Release|Any CPU.ActiveCfg = Release|Any CPU
		{BBF42C4C-ED00-4B48-9882-5C0BA0670B5A}.Release|Any CPU.Build.0 = Release|Any CPU
	EndGlobalSection
	GlobalSection(SolutionProperties) = preSolution
		HideSolutionNode = FALSE
	EndGlobalSection
	GlobalSection(ExtensibilityGlobals) = postSolution
		SolutionGuid = {65C35F26-3F5F-49D6-94D4-883D5FF592BF}
	EndGlobalSection
EndGlobal
